
Microsoft Visual Studio Solution File, Format Version 12.00
# Visual Studio 15
VisualStudioVersion = 15.0.27428.2043
MinimumVisualStudioVersion = 10.0.40219.1
Project("{9A19103F-16F7-4668-BE54-9A1E7A4F7556}") = "SportsBetting.Api", "BUCHMACHER_API\SportsBetting.Api.csproj", "{6B71CA0C-0220-43EB-8947-9057CD5B07AE}"
EndProject
Project("{9A19103F-16F7-4668-BE54-9A1E7A4F7556}") = "SportsBetting.Infrastructure", "BUCHMACHER_INFRASTRUCTURE\SportsBetting.Infrastructure.csproj", "{8EA8D489-EBF0-4711-921A-5CB91A067D0E}"
EndProject
Project("{9A19103F-16F7-4668-BE54-9A1E7A4F7556}") = "SportsBetting.Core", "BUHMACHER_CORE\SportsBetting.Core.csproj", "{309122D2-2F4C-4893-A235-5F48AE34EB07}"
EndProject
Project("{9A19103F-16F7-4668-BE54-9A1E7A4F7556}") = "SportsBetting.Test.EndtoEnd", "BUKMACHER_xUNIT_TEST\SportsBetting.Test.EndtoEnd.csproj", "{118C47ED-84C4-45D6-BE93-A32156549DCE}"
EndProject
Project("{9A19103F-16F7-4668-BE54-9A1E7A4F7556}") = "SportsBetting.EndToEnd", "Bukmacher_EndToEnd\SportsBetting.EndToEnd.csproj", "{3D477E33-CFD0-4781-9F09-46893C2E151D}"
EndProject
Global
	GlobalSection(SolutionConfigurationPlatforms) = preSolution
		Debug|Any CPU = Debug|Any CPU
		Release|Any CPU = Release|Any CPU
	EndGlobalSection
	GlobalSection(ProjectConfigurationPlatforms) = postSolution
		{6B71CA0C-0220-43EB-8947-9057CD5B07AE}.Debug|Any CPU.ActiveCfg = Debug|Any CPU
		{6B71CA0C-0220-43EB-8947-9057CD5B07AE}.Debug|Any CPU.Build.0 = Debug|Any CPU
		{6B71CA0C-0220-43EB-8947-9057CD5B07AE}.Release|Any CPU.ActiveCfg = Release|Any CPU
		{6B71CA0C-0220-43EB-8947-9057CD5B07AE}.Release|Any CPU.Build.0 = Release|Any CPU
		{8EA8D489-EBF0-4711-921A-5CB91A067D0E}.Debug|Any CPU.ActiveCfg = Debug|Any CPU
		{8EA8D489-EBF0-4711-921A-5CB91A067D0E}.Debug|Any CPU.Build.0 = Debug|Any CPU
		{8EA8D489-EBF0-4711-921A-5CB91A067D0E}.Release|Any CPU.ActiveCfg = Release|Any CPU
		{8EA8D489-EBF0-4711-921A-5CB91A067D0E}.Release|Any CPU.Build.0 = Release|Any CPU
		{309122D2-2F4C-4893-A235-5F48AE34EB07}.Debug|Any CPU.ActiveCfg = Debug|Any CPU
		{309122D2-2F4C-4893-A235-5F48AE34EB07}.Debug|Any CPU.Build.0 = Debug|Any CPU
		{309122D2-2F4C-4893-A235-5F48AE34EB07}.Release|Any CPU.ActiveCfg = Release|Any CPU
		{309122D2-2F4C-4893-A235-5F48AE34EB07}.Release|Any CPU.Build.0 = Release|Any CPU
		{118C47ED-84C4-45D6-BE93-A32156549DCE}.Debug|Any CPU.ActiveCfg = Debug|Any CPU
		{118C47ED-84C4-45D6-BE93-A32156549DCE}.Debug|Any CPU.Build.0 = Debug|Any CPU
		{118C47ED-84C4-45D6-BE93-A32156549DCE}.Release|Any CPU.ActiveCfg = Release|Any CPU
		{118C47ED-84C4-45D6-BE93-A32156549DCE}.Release|Any CPU.Build.0 = Release|Any CPU
		{3D477E33-CFD0-4781-9F09-46893C2E151D}.Debug|Any CPU.ActiveCfg = Debug|Any CPU
		{3D477E33-CFD0-4781-9F09-46893C2E151D}.Debug|Any CPU.Build.0 = Debug|Any CPU
		{3D477E33-CFD0-4781-9F09-46893C2E151D}.Release|Any CPU.ActiveCfg = Release|Any CPU
		{3D477E33-CFD0-4781-9F09-46893C2E151D}.Release|Any CPU.Build.0 = Release|Any CPU
	EndGlobalSection
	GlobalSection(SolutionProperties) = preSolution
		HideSolutionNode = FALSE
	EndGlobalSection
	GlobalSection(ExtensibilityGlobals) = postSolution
		SolutionGuid = {F55FD857-D533-47AB-A927-6A8096238FAF}
	EndGlobalSection
EndGlobal
